
Microsoft Visual Studio Solution File, Format Version 12.00
# Visual Studio Version 16
VisualStudioVersion = 16.0.32228.343
MinimumVisualStudioVersion = 10.0.40219.1
Project("{FAE04EC0-301F-11D3-BF4B-00C04F79EFBC}") = "10.5", "10.5\10.5.csproj", "{37DFCFD8-C5ED-47CF-8C58-FB271F996D29}"
EndProject
Global
	GlobalSection(SolutionConfigurationPlatforms) = preSolution
		Debug|Any CPU = Debug|Any CPU
		Release|Any CPU = Release|Any CPU
	EndGlobalSection
	GlobalSection(ProjectConfigurationPlatforms) = postSolution
		{37DFCFD8-C5ED-47CF-8C58-FB271F996D29}.Debug|Any CPU.ActiveCfg = Debug|Any CPU
		{37DFCFD8-C5ED-47CF-8C58-FB271F996D29}.Debug|Any CPU.Build.0 = Debug|Any CPU
		{37DFCFD8-C5ED-47CF-8C58-FB271F996D29}.Release|Any CPU.ActiveCfg = Release|Any CPU
		{37DFCFD8-C5ED-47CF-8C58-FB271F996D29}.Release|Any CPU.Build.0 = Release|Any CPU
	EndGlobalSection
	GlobalSection(SolutionProperties) = preSolution
		HideSolutionNode = FALSE
	EndGlobalSection
	GlobalSection(ExtensibilityGlobals) = postSolution
		SolutionGuid = {A0D44B97-7DCD-4DCA-A6F3-9943733D3E29}
	EndGlobalSection
EndGlobal
